
Microsoft Visual Studio Solution File, Format Version 12.00
# Visual Studio Version 17
VisualStudioVersion = 17.14.36908.2 d17.14
MinimumVisualStudioVersion = 10.0.40219.1
Project("{FAE04EC0-301F-11D3-BF4B-00C04F79EFBC}") = "Asp.netTraining", "Asp.netTraining.csproj", "{9C5ABB2D-D60B-4B25-AD8B-5C2708A4AB1E}"
EndProject
Project("{FAE04EC0-301F-11D3-BF4B-00C04F79EFBC}") = "DotnetConsole", "..\DotnetConsole\DotnetConsole.csproj", "{7AFFC794-6AA9-49A8-857F-70A720E872FE}"
EndProject
Project("{FAE04EC0-301F-11D3-BF4B-00C04F79EFBC}") = "Models", "..\Models\Models.csproj", "{67F0001F-2C8A-4685-95FF-4057833A4F2D}"
EndProject
Global
	GlobalSection(SolutionConfigurationPlatforms) = preSolution
		Debug|Any CPU = Debug|Any CPU
		Release|Any CPU = Release|Any CPU
	EndGlobalSection
	GlobalSection(ProjectConfigurationPlatforms) = postSolution
		{9C5ABB2D-D60B-4B25-AD8B-5C2708A4AB1E}.Debug|Any CPU.ActiveCfg = Debug|Any CPU
		{9C5ABB2D-D60B-4B25-AD8B-5C2708A4AB1E}.Debug|Any CPU.Build.0 = Debug|Any CPU
		{9C5ABB2D-D60B-4B25-AD8B-5C2708A4AB1E}.Release|Any CPU.ActiveCfg = Release|Any CPU
		{9C5ABB2D-D60B-4B25-AD8B-5C2708A4AB1E}.Release|Any CPU.Build.0 = Release|Any CPU
		{7AFFC794-6AA9-49A8-857F-70A720E872FE}.Debug|Any CPU.ActiveCfg = Debug|Any CPU
		{7AFFC794-6AA9-49A8-857F-70A720E872FE}.Debug|Any CPU.Build.0 = Debug|Any CPU
		{7AFFC794-6AA9-49A8-857F-70A720E872FE}.Release|Any CPU.ActiveCfg = Release|Any CPU
		{7AFFC794-6AA9-49A8-857F-70A720E872FE}.Release|Any CPU.Build.0 = Release|Any CPU
		{67F0001F-2C8A-4685-95FF-4057833A4F2D}.Debug|Any CPU.ActiveCfg = Debug|Any CPU
		{67F0001F-2C8A-4685-95FF-4057833A4F2D}.Debug|Any CPU.Build.0 = Debug|Any CPU
		{67F0001F-2C8A-4685-95FF-4057833A4F2D}.Release|Any CPU.ActiveCfg = Release|Any CPU
		{67F0001F-2C8A-4685-95FF-4057833A4F2D}.Release|Any CPU.Build.0 = Release|Any CPU
	EndGlobalSection
	GlobalSection(SolutionProperties) = preSolution
		HideSolutionNode = FALSE
	EndGlobalSection
	GlobalSection(ExtensibilityGlobals) = postSolution
		SolutionGuid = {D5377DD0-BBC9-4FBB-887D-34FBA158DAC7}
	EndGlobalSection
EndGlobal
